
Microsoft Visual Studio Solution File, Format Version 12.00
# Visual Studio Version 17
VisualStudioVersion = 17.1.32328.378
MinimumVisualStudioVersion = 10.0.40219.1
Project("{FAE04EC0-301F-11D3-BF4B-00C04F79EFBC}") = "OnlineMovieTicketBookingProject", "OnlineMovieTicketBookingProject\OnlineMovieTicketBookingProject.csproj", "{BAB4799F-3F9A-4D91-AE5A-DE1105F5B722}"
EndProject
Global
	GlobalSection(SolutionConfigurationPlatforms) = preSolution
		Debug|Any CPU = Debug|Any CPU
		Release|Any CPU = Release|Any CPU
	EndGlobalSection
	GlobalSection(ProjectConfigurationPlatforms) = postSolution
		{BAB4799F-3F9A-4D91-AE5A-DE1105F5B722}.Debug|Any CPU.ActiveCfg = Debug|Any CPU
		{BAB4799F-3F9A-4D91-AE5A-DE1105F5B722}.Debug|Any CPU.Build.0 = Debug|Any CPU
		{BAB4799F-3F9A-4D91-AE5A-DE1105F5B722}.Release|Any CPU.ActiveCfg = Release|Any CPU
		{BAB4799F-3F9A-4D91-AE5A-DE1105F5B722}.Release|Any CPU.Build.0 = Release|Any CPU
	EndGlobalSection
	GlobalSection(SolutionProperties) = preSolution
		HideSolutionNode = FALSE
	EndGlobalSection
	GlobalSection(ExtensibilityGlobals) = postSolution
		SolutionGuid = {82E9E6D2-D2E7-4B53-BE07-013476D13F4D}
	EndGlobalSection
EndGlobal
